
Microsoft Visual Studio Solution File, Format Version 12.00
# Visual Studio Version 16
VisualStudioVersion = 16.0.31205.134
MinimumVisualStudioVersion = 10.0.40219.1
Project("{FAE04EC0-301F-11D3-BF4B-00C04F79EFBC}") = "ZrClient", "ZrClient\ZrClient.csproj", "{33E1EB0F-B05F-4312-9993-F5D330544BDF}"
EndProject
Global
	GlobalSection(SolutionConfigurationPlatforms) = preSolution
		Debug|Any CPU = Debug|Any CPU
		Release|Any CPU = Release|Any CPU
	EndGlobalSection
	GlobalSection(ProjectConfigurationPlatforms) = postSolution
		{33E1EB0F-B05F-4312-9993-F5D330544BDF}.Debug|Any CPU.ActiveCfg = Debug|Any CPU
		{33E1EB0F-B05F-4312-9993-F5D330544BDF}.Debug|Any CPU.Build.0 = Debug|Any CPU
		{33E1EB0F-B05F-4312-9993-F5D330544BDF}.Release|Any CPU.ActiveCfg = Release|Any CPU
		{33E1EB0F-B05F-4312-9993-F5D330544BDF}.Release|Any CPU.Build.0 = Release|Any CPU
	EndGlobalSection
	GlobalSection(SolutionProperties) = preSolution
		HideSolutionNode = FALSE
	EndGlobalSection
	GlobalSection(ExtensibilityGlobals) = postSolution
		SolutionGuid = {2BCF020B-AAB1-440C-912A-40B56F369A6E}
	EndGlobalSection
EndGlobal
